// !$*UTF8*$!
{
	archiveVersion = 1;
	classes = {
	};
	objectVersion = 77;
	objects = {

/* Begin PBXBuildFile section */
		B27F93842D86C02C004F7673 /* NetflixCloneModel.xcdatamodeld in Sources */ = {isa = PBXBuildFile; fileRef = B27F93822D86C02C004F7673 /* NetflixCloneModel.xcdatamodeld */; };
		B27F938E2D86C26D004F7673 /* DataPersistenceManager.swift in Sources */ = {isa = PBXBuildFile; fileRef = B27F938D2D86C26D004F7673 /* DataPersistenceManager.swift */; };
		B2BC7C982D831168007382D3 /* AppDelegate.swift in Sources */ = {isa = PBXBuildFile; fileRef = B2BC7C852D831168007382D3 /* AppDelegate.swift */; };
		B2BC7C992D831168007382D3 /* SceneDelegate.swift in Sources */ = {isa = PBXBuildFile; fileRef = B2BC7C862D831168007382D3 /* SceneDelegate.swift */; };
		B2BC7C9A2D831168007382D3 /* DownloadViewController.swift in Sources */ = {isa = PBXBuildFile; fileRef = B2BC7C882D831168007382D3 /* DownloadViewController.swift */; };
		B2BC7C9B2D831168007382D3 /* HomeViewController.swift in Sources */ = {isa = PBXBuildFile; fileRef = B2BC7C892D831168007382D3 /* HomeViewController.swift */; };
		B2BC7C9C2D831168007382D3 /* MainTabBarViewController.swift in Sources */ = {isa = PBXBuildFile; fileRef = B2BC7C8A2D831168007382D3 /* MainTabBarViewController.swift */; };
		B2BC7C9D2D831168007382D3 /* SearchViewController.swift in Sources */ = {isa = PBXBuildFile; fileRef = B2BC7C8B2D831168007382D3 /* SearchViewController.swift */; };
		B2BC7C9E2D831168007382D3 /* UpComingViewController.swift in Sources */ = {isa = PBXBuildFile; fileRef = B2BC7C8C2D831168007382D3 /* UpComingViewController.swift */; };
		B2BC7C9F2D831168007382D3 /* Assets.xcassets in Resources */ = {isa = PBXBuildFile; fileRef = B2BC7C902D831168007382D3 /* Assets.xcassets */; };
		B2BC7CA02D831168007382D3 /* LaunchScreen.storyboard in Resources */ = {isa = PBXBuildFile; fileRef = B2BC7C922D831168007382D3 /* LaunchScreen.storyboard */; };
		B2BC7CA32D83120A007382D3 /* CollectionViewTableViewCell.swift in Sources */ = {isa = PBXBuildFile; fileRef = B2BC7CA22D83120A007382D3 /* CollectionViewTableViewCell.swift */; };
		B2BC7CA52D84032F007382D3 /* HeroHeaderUIView.swift in Sources */ = {isa = PBXBuildFile; fileRef = B2BC7CA42D84032F007382D3 /* HeroHeaderUIView.swift */; };
		B2BC7CA72D843B36007382D3 /* APICaller.swift in Sources */ = {isa = PBXBuildFile; fileRef = B2BC7CA62D843B31007382D3 /* APICaller.swift */; };
		B2BC7CA92D845303007382D3 /* Title.swift in Sources */ = {isa = PBXBuildFile; fileRef = B2BC7CA82D8452FC007382D3 /* Title.swift */; };
		B2BC7CAB2D84598F007382D3 /* Extensions.swift in Sources */ = {isa = PBXBuildFile; fileRef = B2BC7CAA2D845989007382D3 /* Extensions.swift */; };
		B2BC7CB72D852B4F007382D3 /* TitleCollectionViewCell.swift in Sources */ = {isa = PBXBuildFile; fileRef = B2BC7CB62D852B4F007382D3 /* TitleCollectionViewCell.swift */; };
		B2BC7CBA2D852CE9007382D3 /* SDWebImage in Frameworks */ = {isa = PBXBuildFile; productRef = B2BC7CB92D852CE9007382D3 /* SDWebImage */; };
		B2BC7CBC2D852CE9007382D3 /* SDWebImageMapKit in Frameworks */ = {isa = PBXBuildFile; productRef = B2BC7CBB2D852CE9007382D3 /* SDWebImageMapKit */; };
		B2BC7CBE2D854465007382D3 /* TitleTableViewCell.swift in Sources */ = {isa = PBXBuildFile; fileRef = B2BC7CBD2D854465007382D3 /* TitleTableViewCell.swift */; };
		B2BC7CC02D854AD5007382D3 /* TitleViewModel.swift in Sources */ = {isa = PBXBuildFile; fileRef = B2BC7CBF2D854ACB007382D3 /* TitleViewModel.swift */; };
		B2BC7CC42D8594B3007382D3 /* SearchResultsViewController.swift in Sources */ = {isa = PBXBuildFile; fileRef = B2BC7CC32D8594B3007382D3 /* SearchResultsViewController.swift */; };
		B2BC7CC62D85AFBE007382D3 /* YoutubeSearchResponse.swift in Sources */ = {isa = PBXBuildFile; fileRef = B2BC7CC52D85AFAB007382D3 /* YoutubeSearchResponse.swift */; };
		B2BC7CC82D85C015007382D3 /* TitlePreviewViewController.swift in Sources */ = {isa = PBXBuildFile; fileRef = B2BC7CC72D85C015007382D3 /* TitlePreviewViewController.swift */; };
		B2BC7CCA2D85C3F0007382D3 /* TitlePreviewViewModel.swift in Sources */ = {isa = PBXBuildFile; fileRef = B2BC7CC92D85C3EF007382D3 /* TitlePreviewViewModel.swift */; };
/* End PBXBuildFile section */

/* Begin PBXContainerItemProxy section */
		B2BC7C482D830303007382D3 /* PBXContainerItemProxy */ = {
			isa = PBXContainerItemProxy;
			containerPortal = B2BC7C292D830302007382D3 /* Project object */;
			proxyType = 1;
			remoteGlobalIDString = B2BC7C302D830302007382D3;
			remoteInfo = Netflix;
		};
		B2BC7C522D830303007382D3 /* PBXContainerItemProxy */ = {
			isa = PBXContainerItemProxy;
			containerPortal = B2BC7C292D830302007382D3 /* Project object */;
			proxyType = 1;
			remoteGlobalIDString = B2BC7C302D830302007382D3;
			remoteInfo = Netflix;
		};
/* End PBXContainerItemProxy section */

/* Begin PBXFileReference section */
		B27F93832D86C02C004F7673 /* NetflixCloneModel.xcdatamodel */ = {isa = PBXFileReference; lastKnownFileType = wrapper.xcdatamodel; path = NetflixCloneModel.xcdatamodel; sourceTree = "<group>"; };
		B27F938D2D86C26D004F7673 /* DataPersistenceManager.swift */ = {isa = PBXFileReference; lastKnownFileType = sourcecode.swift; path = DataPersistenceManager.swift; sourceTree = "<group>"; };
		B2BC7C312D830302007382D3 /* Netflix.app */ = {isa = PBXFileReference; explicitFileType = wrapper.application; includeInIndex = 0; path = Netflix.app; sourceTree = BUILT_PRODUCTS_DIR; };
		B2BC7C472D830303007382D3 /* NetflixTests.xctest */ = {isa = PBXFileReference; explicitFileType = wrapper.cfbundle; includeInIndex = 0; path = NetflixTests.xctest; sourceTree = BUILT_PRODUCTS_DIR; };
		B2BC7C512D830303007382D3 /* NetflixUITests.xctest */ = {isa = PBXFileReference; explicitFileType = wrapper.cfbundle; includeInIndex = 0; path = NetflixUITests.xctest; sourceTree = BUILT_PRODUCTS_DIR; };
		B2BC7C852D831168007382D3 /* AppDelegate.swift */ = {isa = PBXFileReference; lastKnownFileType = sourcecode.swift; path = AppDelegate.swift; sourceTree = "<group>"; };
		B2BC7C862D831168007382D3 /* SceneDelegate.swift */ = {isa = PBXFileReference; lastKnownFileType = sourcecode.swift; path = SceneDelegate.swift; sourceTree = "<group>"; };
		B2BC7C882D831168007382D3 /* DownloadViewController.swift */ = {isa = PBXFileReference; lastKnownFileType = sourcecode.swift; path = DownloadViewController.swift; sourceTree = "<group>"; };
		B2BC7C892D831168007382D3 /* HomeViewController.swift */ = {isa = PBXFileReference; lastKnownFileType = sourcecode.swift; path = HomeViewController.swift; sourceTree = "<group>"; };
		B2BC7C8A2D831168007382D3 /* MainTabBarViewController.swift */ = {isa = PBXFileReference; lastKnownFileType = sourcecode.swift; path = MainTabBarViewController.swift; sourceTree = "<group>"; };
		B2BC7C8B2D831168007382D3 /* SearchViewController.swift */ = {isa = PBXFileReference; lastKnownFileType = sourcecode.swift; path = SearchViewController.swift; sourceTree = "<group>"; };
		B2BC7C8C2D831168007382D3 /* UpComingViewController.swift */ = {isa = PBXFileReference; lastKnownFileType = sourcecode.swift; path = UpComingViewController.swift; sourceTree = "<group>"; };
		B2BC7C902D831168007382D3 /* Assets.xcassets */ = {isa = PBXFileReference; lastKnownFileType = folder.assetcatalog; path = Assets.xcassets; sourceTree = "<group>"; };
		B2BC7C912D831168007382D3 /* Base */ = {isa = PBXFileReference; lastKnownFileType = file.storyboard; name = Base; path = Base.lproj/LaunchScreen.storyboard; sourceTree = "<group>"; };
		B2BC7C962D831168007382D3 /* Info.plist */ = {isa = PBXFileReference; lastKnownFileType = text.plist.xml; path = Info.plist; sourceTree = "<group>"; };
		B2BC7CA22D83120A007382D3 /* CollectionViewTableViewCell.swift */ = {isa = PBXFileReference; lastKnownFileType = sourcecode.swift; path = CollectionViewTableViewCell.swift; sourceTree = "<group>"; };
		B2BC7CA42D84032F007382D3 /* HeroHeaderUIView.swift */ = {isa = PBXFileReference; lastKnownFileType = sourcecode.swift; path = HeroHeaderUIView.swift; sourceTree = "<group>"; };
		B2BC7CA62D843B31007382D3 /* APICaller.swift */ = {isa = PBXFileReference; lastKnownFileType = sourcecode.swift; path = APICaller.swift; sourceTree = "<group>"; };
		B2BC7CA82D8452FC007382D3 /* Title.swift */ = {isa = PBXFileReference; lastKnownFileType = sourcecode.swift; path = Title.swift; sourceTree = "<group>"; };
		B2BC7CAA2D845989007382D3 /* Extensions.swift */ = {isa = PBXFileReference; lastKnownFileType = sourcecode.swift; path = Extensions.swift; sourceTree = "<group>"; };
		B2BC7CB62D852B4F007382D3 /* TitleCollectionViewCell.swift */ = {isa = PBXFileReference; lastKnownFileType = sourcecode.swift; path = TitleCollectionViewCell.swift; sourceTree = "<group>"; };
		B2BC7CBD2D854465007382D3 /* TitleTableViewCell.swift */ = {isa = PBXFileReference; lastKnownFileType = sourcecode.swift; path = TitleTableViewCell.swift; sourceTree = "<group>"; };
		B2BC7CBF2D854ACB007382D3 /* TitleViewModel.swift */ = {isa = PBXFileReference; lastKnownFileType = sourcecode.swift; path = TitleViewModel.swift; sourceTree = "<group>"; };
		B2BC7CC32D8594B3007382D3 /* SearchResultsViewController.swift */ = {isa = PBXFileReference; lastKnownFileType = sourcecode.swift; path = SearchResultsViewController.swift; sourceTree = "<group>"; };
		B2BC7CC52D85AFAB007382D3 /* YoutubeSearchResponse.swift */ = {isa = PBXFileReference; lastKnownFileType = sourcecode.swift; path = YoutubeSearchResponse.swift; sourceTree = "<group>"; };
		B2BC7CC72D85C015007382D3 /* TitlePreviewViewController.swift */ = {isa = PBXFileReference; lastKnownFileType = sourcecode.swift; path = TitlePreviewViewController.swift; sourceTree = "<group>"; };
		B2BC7CC92D85C3EF007382D3 /* TitlePreviewViewModel.swift */ = {isa = PBXFileReference; lastKnownFileType = sourcecode.swift; path = TitlePreviewViewModel.swift; sourceTree = "<group>"; };
/* End PBXFileReference section */

/* Begin PBXFileSystemSynchronizedRootGroup section */
		B2BC7C4A2D830303007382D3 /* NetflixTests */ = {
			isa = PBXFileSystemSynchronizedRootGroup;
			path = NetflixTests;
			sourceTree = "<group>";
		};
		B2BC7C542D830303007382D3 /* NetflixUITests */ = {
			isa = PBXFileSystemSynchronizedRootGroup;
			path = NetflixUITests;
			sourceTree = "<group>";
		};
/* End PBXFileSystemSynchronizedRootGroup section */

/* Begin PBXFrameworksBuildPhase section */
		B2BC7C2E2D830302007382D3 /* Frameworks */ = {
			isa = PBXFrameworksBuildPhase;
			buildActionMask = 2147483647;
			files = (
				B2BC7CBC2D852CE9007382D3 /* SDWebImageMapKit in Frameworks */,
				B2BC7CBA2D852CE9007382D3 /* SDWebImage in Frameworks */,
			);
			runOnlyForDeploymentPostprocessing = 0;
		};
		B2BC7C442D830303007382D3 /* Frameworks */ = {
			isa = PBXFrameworksBuildPhase;
			buildActionMask = 2147483647;
			files = (
			);
			runOnlyForDeploymentPostprocessing = 0;
		};
		B2BC7C4E2D830303007382D3 /* Frameworks */ = {
			isa = PBXFrameworksBuildPhase;
			buildActionMask = 2147483647;
			files = (
			);
			runOnlyForDeploymentPostprocessing = 0;
		};
/* End PBXFrameworksBuildPhase section */

/* Begin PBXGroup section */
		B2BC7C282D830302007382D3 = {
			isa = PBXGroup;
			children = (
				B2BC7C972D831168007382D3 /* Netflix */,
				B2BC7C4A2D830303007382D3 /* NetflixTests */,
				B2BC7C542D830303007382D3 /* NetflixUITests */,
				B2BC7C322D830302007382D3 /* Products */,
			);
			sourceTree = "<group>";
		};
		B2BC7C322D830302007382D3 /* Products */ = {
			isa = PBXGroup;
			children = (
				B2BC7C312D830302007382D3 /* Netflix.app */,
				B2BC7C472D830303007382D3 /* NetflixTests.xctest */,
				B2BC7C512D830303007382D3 /* NetflixUITests.xctest */,
			);
			name = Products;
			sourceTree = "<group>";
		};
		B2BC7C872D831168007382D3 /* AppDelegate */ = {
			isa = PBXGroup;
			children = (
				B2BC7C852D831168007382D3 /* AppDelegate.swift */,
				B2BC7C862D831168007382D3 /* SceneDelegate.swift */,
			);
			path = AppDelegate;
			sourceTree = "<group>";
		};
		B2BC7C8D2D831168007382D3 /* Controllers */ = {
			isa = PBXGroup;
			children = (
				B2BC7CC22D859494007382D3 /* General */,
				B2BC7CC12D859488007382D3 /* Core */,
			);
			path = Controllers;
			sourceTree = "<group>";
		};
		B2BC7C8E2D831168007382D3 /* Managers */ = {
			isa = PBXGroup;
			children = (
				B2BC7CA62D843B31007382D3 /* APICaller.swift */,
				B27F938D2D86C26D004F7673 /* DataPersistenceManager.swift */,
			);
			path = Managers;
			sourceTree = "<group>";
		};
		B2BC7C8F2D831168007382D3 /* Models */ = {
			isa = PBXGroup;
			children = (
				B2BC7CC52D85AFAB007382D3 /* YoutubeSearchResponse.swift */,
				B2BC7CA82D8452FC007382D3 /* Title.swift */,
			);
			path = Models;
			sourceTree = "<group>";
		};
		B2BC7C932D831168007382D3 /* Resources */ = {
			isa = PBXGroup;
			children = (
				B2BC7CAA2D845989007382D3 /* Extensions.swift */,
				B2BC7C902D831168007382D3 /* Assets.xcassets */,
				B2BC7C922D831168007382D3 /* LaunchScreen.storyboard */,
			);
			path = Resources;
			sourceTree = "<group>";
		};
		B2BC7C942D831168007382D3 /* ViewModel */ = {
			isa = PBXGroup;
			children = (
				B2BC7CC92D85C3EF007382D3 /* TitlePreviewViewModel.swift */,
				B2BC7CBF2D854ACB007382D3 /* TitleViewModel.swift */,
			);
			path = ViewModel;
			sourceTree = "<group>";
		};
		B2BC7C952D831168007382D3 /* Views */ = {
			isa = PBXGroup;
			children = (
				B2BC7CA22D83120A007382D3 /* CollectionViewTableViewCell.swift */,
				B2BC7CA42D84032F007382D3 /* HeroHeaderUIView.swift */,
				B2BC7CB62D852B4F007382D3 /* TitleCollectionViewCell.swift */,
				B2BC7CBD2D854465007382D3 /* TitleTableViewCell.swift */,
			);
			path = Views;
			sourceTree = "<group>";
		};
		B2BC7C972D831168007382D3 /* Netflix */ = {
			isa = PBXGroup;
			children = (
				B2BC7C872D831168007382D3 /* AppDelegate */,
				B2BC7C8E2D831168007382D3 /* Managers */,
				B2BC7C932D831168007382D3 /* Resources */,
				B2BC7C8F2D831168007382D3 /* Models */,
				B2BC7C952D831168007382D3 /* Views */,
				B2BC7C942D831168007382D3 /* ViewModel */,
				B2BC7C8D2D831168007382D3 /* Controllers */,
				B2BC7C962D831168007382D3 /* Info.plist */,
				B27F93822D86C02C004F7673 /* NetflixCloneModel.xcdatamodeld */,
			);
			path = Netflix;
			sourceTree = "<group>";
		};
		B2BC7CC12D859488007382D3 /* Core */ = {
			isa = PBXGroup;
			children = (
				B2BC7C882D831168007382D3 /* DownloadViewController.swift */,
				B2BC7C892D831168007382D3 /* HomeViewController.swift */,
				B2BC7C8A2D831168007382D3 /* MainTabBarViewController.swift */,
				B2BC7C8B2D831168007382D3 /* SearchViewController.swift */,
				B2BC7C8C2D831168007382D3 /* UpComingViewController.swift */,
			);
			path = Core;
			sourceTree = "<group>";
		};
		B2BC7CC22D859494007382D3 /* General */ = {
			isa = PBXGroup;
			children = (
				B2BC7CC32D8594B3007382D3 /* SearchResultsViewController.swift */,
				B2BC7CC72D85C015007382D3 /* TitlePreviewViewController.swift */,
			);
			path = General;
			sourceTree = "<group>";
		};
/* End PBXGroup section */

/* Begin PBXNativeTarget section */
		B2BC7C302D830302007382D3 /* Netflix */ = {
			isa = PBXNativeTarget;
			buildConfigurationList = B2BC7C5A2D830303007382D3 /* Build configuration list for PBXNativeTarget "Netflix" */;
			buildPhases = (
				B2BC7C2D2D830302007382D3 /* Sources */,
				B2BC7C2E2D830302007382D3 /* Frameworks */,
				B2BC7C2F2D830302007382D3 /* Resources */,
			);
			buildRules = (
			);
			dependencies = (
			);
			name = Netflix;
			packageProductDependencies = (
				B2BC7CB92D852CE9007382D3 /* SDWebImage */,
				B2BC7CBB2D852CE9007382D3 /* SDWebImageMapKit */,
			);
			productName = Netflix;
			productReference = B2BC7C312D830302007382D3 /* Netflix.app */;
			productType = "com.apple.product-type.application";
		};
		B2BC7C462D830303007382D3 /* NetflixTests */ = {
			isa = PBXNativeTarget;
			buildConfigurationList = B2BC7C5F2D830303007382D3 /* Build configuration list for PBXNativeTarget "NetflixTests" */;
			buildPhases = (
				B2BC7C432D830303007382D3 /* Sources */,
				B2BC7C442D830303007382D3 /* Frameworks */,
				B2BC7C452D830303007382D3 /* Resources */,
			);
			buildRules = (
			);
			dependencies = (
				B2BC7C492D830303007382D3 /* PBXTargetDependency */,
			);
			fileSystemSynchronizedGroups = (
				B2BC7C4A2D830303007382D3 /* NetflixTests */,
			);
			name = NetflixTests;
			packageProductDependencies = (
			);
			productName = NetflixTests;
			productReference = B2BC7C472D830303007382D3 /* NetflixTests.xctest */;
			productType = "com.apple.product-type.bundle.unit-test";
		};
		B2BC7C502D830303007382D3 /* NetflixUITests */ = {
			isa = PBXNativeTarget;
			buildConfigurationList = B2BC7C622D830303007382D3 /* Build configuration list for PBXNativeTarget "NetflixUITests" */;
			buildPhases = (
				B2BC7C4D2D830303007382D3 /* Sources */,
				B2BC7C4E2D830303007382D3 /* Frameworks */,
				B2BC7C4F2D830303007382D3 /* Resources */,
			);
			buildRules = (
			);
			dependencies = (
				B2BC7C532D830303007382D3 /* PBXTargetDependency */,
			);
			fileSystemSynchronizedGroups = (
				B2BC7C542D830303007382D3 /* NetflixUITests */,
			);
			name = NetflixUITests;
			packageProductDependencies = (
			);
			productName = NetflixUITests;
			productReference = B2BC7C512D830303007382D3 /* NetflixUITests.xctest */;
			productType = "com.apple.product-type.bundle.ui-testing";
		};
/* End PBXNativeTarget section */

/* Begin PBXProject section */
		B2BC7C292D830302007382D3 /* Project object */ = {
			isa = PBXProject;
			attributes = {
				BuildIndependentTargetsInParallel = 1;
				LastSwiftUpdateCheck = 1620;
				LastUpgradeCheck = 1620;
				TargetAttributes = {
					B2BC7C302D830302007382D3 = {
						CreatedOnToolsVersion = 16.2;
					};
					B2BC7C462D830303007382D3 = {
						CreatedOnToolsVersion = 16.2;
						TestTargetID = B2BC7C302D830302007382D3;
					};
					B2BC7C502D830303007382D3 = {
						CreatedOnToolsVersion = 16.2;
						TestTargetID = B2BC7C302D830302007382D3;
					};
				};
			};
			buildConfigurationList = B2BC7C2C2D830302007382D3 /* Build configuration list for PBXProject "Netflix" */;
			developmentRegion = en;
			hasScannedForEncodings = 0;
			knownRegions = (
				en,
				Base,
			);
			mainGroup = B2BC7C282D830302007382D3;
			minimizedProjectReferenceProxies = 1;
			packageReferences = (
				B2BC7CB82D852CE9007382D3 /* XCRemoteSwiftPackageReference "SDWebImage" */,
			);
			preferredProjectObjectVersion = 77;
			productRefGroup = B2BC7C322D830302007382D3 /* Products */;
			projectDirPath = "";
			projectRoot = "";
			targets = (
				B2BC7C302D830302007382D3 /* Netflix */,
				B2BC7C462D830303007382D3 /* NetflixTests */,
				B2BC7C502D830303007382D3 /* NetflixUITests */,
			);
		};
/* End PBXProject section */

/* Begin PBXResourcesBuildPhase section */
		B2BC7C2F2D830302007382D3 /* Resources */ = {
			isa = PBXResourcesBuildPhase;
			buildActionMask = 2147483647;
			files = (
				B2BC7C9F2D831168007382D3 /* Assets.xcassets in Resources */,
				B2BC7CA02D831168007382D3 /* LaunchScreen.storyboard in Resources */,
			);
			runOnlyForDeploymentPostprocessing = 0;
		};
		B2BC7C452D830303007382D3 /* Resources */ = {
			isa = PBXResourcesBuildPhase;
			buildActionMask = 2147483647;
			files = (
			);
			runOnlyForDeploymentPostprocessing = 0;
		};
		B2BC7C4F2D830303007382D3 /* Resources */ = {
			isa = PBXResourcesBuildPhase;
			buildActionMask = 2147483647;
			files = (
			);
			runOnlyForDeploymentPostprocessing = 0;
		};
/* End PBXResourcesBuildPhase section */

/* Begin PBXSourcesBuildPhase section */
		B2BC7C2D2D830302007382D3 /* Sources */ = {
			isa = PBXSourcesBuildPhase;
			buildActionMask = 2147483647;
			files = (
				B2BC7CBE2D854465007382D3 /* TitleTableViewCell.swift in Sources */,
				B2BC7C982D831168007382D3 /* AppDelegate.swift in Sources */,
				B2BC7CB72D852B4F007382D3 /* TitleCollectionViewCell.swift in Sources */,
				B27F938E2D86C26D004F7673 /* DataPersistenceManager.swift in Sources */,
				B2BC7C992D831168007382D3 /* SceneDelegate.swift in Sources */,
				B2BC7CA32D83120A007382D3 /* CollectionViewTableViewCell.swift in Sources */,
				B2BC7CA52D84032F007382D3 /* HeroHeaderUIView.swift in Sources */,
				B27F93842D86C02C004F7673 /* NetflixCloneModel.xcdatamodeld in Sources */,
				B2BC7C9A2D831168007382D3 /* DownloadViewController.swift in Sources */,
				B2BC7CCA2D85C3F0007382D3 /* TitlePreviewViewModel.swift in Sources */,
				B2BC7C9B2D831168007382D3 /* HomeViewController.swift in Sources */,
				B2BC7C9C2D831168007382D3 /* MainTabBarViewController.swift in Sources */,
				B2BC7CC42D8594B3007382D3 /* SearchResultsViewController.swift in Sources */,
				B2BC7CAB2D84598F007382D3 /* Extensions.swift in Sources */,
				B2BC7CC62D85AFBE007382D3 /* YoutubeSearchResponse.swift in Sources */,
				B2BC7C9D2D831168007382D3 /* SearchViewController.swift in Sources */,
				B2BC7CA72D843B36007382D3 /* APICaller.swift in Sources */,
				B2BC7CC82D85C015007382D3 /* TitlePreviewViewController.swift in Sources */,
				B2BC7CA92D845303007382D3 /* Title.swift in Sources */,
				B2BC7C9E2D831168007382D3 /* UpComingViewController.swift in Sources */,
				B2BC7CC02D854AD5007382D3 /* TitleViewModel.swift in Sources */,
			);
			runOnlyForDeploymentPostprocessing = 0;
		};
		B2BC7C432D830303007382D3 /* Sources */ = {
			isa = PBXSourcesBuildPhase;
			buildActionMask = 2147483647;
			files = (
			);
			runOnlyForDeploymentPostprocessing = 0;
		};
		B2BC7C4D2D830303007382D3 /* Sources */ = {
			isa = PBXSourcesBuildPhase;
			buildActionMask = 2147483647;
			files = (
			);
			runOnlyForDeploymentPostprocessing = 0;
		};
/* End PBXSourcesBuildPhase section */

/* Begin PBXTargetDependency section */
		B2BC7C492D830303007382D3 /* PBXTargetDependency */ = {
			isa = PBXTargetDependency;
			target = B2BC7C302D830302007382D3 /* Netflix */;
			targetProxy = B2BC7C482D830303007382D3 /* PBXContainerItemProxy */;
		};
		B2BC7C532D830303007382D3 /* PBXTargetDependency */ = {
			isa = PBXTargetDependency;
			target = B2BC7C302D830302007382D3 /* Netflix */;
			targetProxy = B2BC7C522D830303007382D3 /* PBXContainerItemProxy */;
		};
/* End PBXTargetDependency section */

/* Begin PBXVariantGroup section */
		B2BC7C922D831168007382D3 /* LaunchScreen.storyboard */ = {
			isa = PBXVariantGroup;
			children = (
				B2BC7C912D831168007382D3 /* Base */,
			);
			name = LaunchScreen.storyboard;
			sourceTree = "<group>";
		};
/* End PBXVariantGroup section */

/* Begin XCBuildConfiguration section */
		B2BC7C5B2D830303007382D3 /* Debug */ = {
			isa = XCBuildConfiguration;
			buildSettings = {
				ASSETCATALOG_COMPILER_APPICON_NAME = AppIcon;
				ASSETCATALOG_COMPILER_GLOBAL_ACCENT_COLOR_NAME = AccentColor;
				CODE_SIGN_STYLE = Automatic;
				CURRENT_PROJECT_VERSION = 1;
				GENERATE_INFOPLIST_FILE = YES;
				INFOPLIST_FILE = Netflix/Info.plist;
				INFOPLIST_KEY_UIApplicationSupportsIndirectInputEvents = YES;
				INFOPLIST_KEY_UILaunchStoryboardName = LaunchScreen;
				INFOPLIST_KEY_UISupportedInterfaceOrientations_iPad = "UIInterfaceOrientationPortrait UIInterfaceOrientationPortraitUpsideDown UIInterfaceOrientationLandscapeLeft UIInterfaceOrientationLandscapeRight";
				INFOPLIST_KEY_UISupportedInterfaceOrientations_iPhone = "UIInterfaceOrientationPortrait UIInterfaceOrientationLandscapeLeft UIInterfaceOrientationLandscapeRight";
				LD_RUNPATH_SEARCH_PATHS = (
					"$(inherited)",
					"@executable_path/Frameworks",
				);
				MARKETING_VERSION = 1.0;
				PRODUCT_BUNDLE_IDENTIFIER = hau.Netflix;
				PRODUCT_NAME = "$(TARGET_NAME)";
				SWIFT_EMIT_LOC_STRINGS = YES;
				SWIFT_VERSION = 5.0;
				TARGETED_DEVICE_FAMILY = "1,2";
			};
			name = Debug;
		};
		B2BC7C5C2D830303007382D3 /* Release */ = {
			isa = XCBuildConfiguration;
			buildSettings = {
				ASSETCATALOG_COMPILER_APPICON_NAME = AppIcon;
				ASSETCATALOG_COMPILER_GLOBAL_ACCENT_COLOR_NAME = AccentColor;
				CODE_SIGN_STYLE = Automatic;
				CURRENT_PROJECT_VERSION = 1;
				GENERATE_INFOPLIST_FILE = YES;
				INFOPLIST_FILE = Netflix/Info.plist;
				INFOPLIST_KEY_UIApplicationSupportsIndirectInputEvents = YES;
				INFOPLIST_KEY_UILaunchStoryboardName = LaunchScreen;
				INFOPLIST_KEY_UISupportedInterfaceOrientations_iPad = "UIInterfaceOrientationPortrait UIInterfaceOrientationPortraitUpsideDown UIInterfaceOrientationLandscapeLeft UIInterfaceOrientationLandscapeRight";
				INFOPLIST_KEY_UISupportedInterfaceOrientations_iPhone = "UIInterfaceOrientationPortrait UIInterfaceOrientationLandscapeLeft UIInterfaceOrientationLandscapeRight";
				LD_RUNPATH_SEARCH_PATHS = (
					"$(inherited)",
					"@executable_path/Frameworks",
				);
				MARKETING_VERSION = 1.0;
				PRODUCT_BUNDLE_IDENTIFIER = hau.Netflix;
				PRODUCT_NAME = "$(TARGET_NAME)";
				SWIFT_EMIT_LOC_STRINGS = YES;
				SWIFT_VERSION = 5.0;
				TARGETED_DEVICE_FAMILY = "1,2";
			};
			name = Release;
		};
		B2BC7C5D2D830303007382D3 /* Debug */ = {
			isa = XCBuildConfiguration;
			buildSettings = {
				ALWAYS_SEARCH_USER_PATHS = NO;
				ASSETCATALOG_COMPILER_GENERATE_SWIFT_ASSET_SYMBOL_EXTENSIONS = YES;
				CLANG_ANALYZER_NONNULL = YES;
				CLANG_ANALYZER_NUMBER_OBJECT_CONVERSION = YES_AGGRESSIVE;
				CLANG_CXX_LANGUAGE_STANDARD = "gnu++20";
				CLANG_ENABLE_MODULES = YES;
				CLANG_ENABLE_OBJC_ARC = YES;
				CLANG_ENABLE_OBJC_WEAK = YES;
				CLANG_WARN_BLOCK_CAPTURE_AUTORELEASING = YES;
				CLANG_WARN_BOOL_CONVERSION = YES;
				CLANG_WARN_COMMA = YES;
				CLANG_WARN_CONSTANT_CONVERSION = YES;
				CLANG_WARN_DEPRECATED_OBJC_IMPLEMENTATIONS = YES;
				CLANG_WARN_DIRECT_OBJC_ISA_USAGE = YES_ERROR;
				CLANG_WARN_DOCUMENTATION_COMMENTS = YES;
				CLANG_WARN_EMPTY_BODY = YES;
				CLANG_WARN_ENUM_CONVERSION = YES;
				CLANG_WARN_INFINITE_RECURSION = YES;
				CLANG_WARN_INT_CONVERSION = YES;
				CLANG_WARN_NON_LITERAL_NULL_CONVERSION = YES;
				CLANG_WARN_OBJC_IMPLICIT_RETAIN_SELF = YES;
				CLANG_WARN_OBJC_LITERAL_CONVERSION = YES;
				CLANG_WARN_OBJC_ROOT_CLASS = YES_ERROR;
				CLANG_WARN_QUOTED_INCLUDE_IN_FRAMEWORK_HEADER = YES;
				CLANG_WARN_RANGE_LOOP_ANALYSIS = YES;
				CLANG_WARN_STRICT_PROTOTYPES = YES;
				CLANG_WARN_SUSPICIOUS_MOVE = YES;
				CLANG_WARN_UNGUARDED_AVAILABILITY = YES_AGGRESSIVE;
				CLANG_WARN_UNREACHABLE_CODE = YES;
				CLANG_WARN__DUPLICATE_METHOD_MATCH = YES;
				COPY_PHASE_STRIP = NO;
				DEBUG_INFORMATION_FORMAT = dwarf;
				ENABLE_STRICT_OBJC_MSGSEND = YES;
				ENABLE_TESTABILITY = YES;
				ENABLE_USER_SCRIPT_SANDBOXING = YES;
				GCC_C_LANGUAGE_STANDARD = gnu17;
				GCC_DYNAMIC_NO_PIC = NO;
				GCC_NO_COMMON_BLOCKS = YES;
				GCC_OPTIMIZATION_LEVEL = 0;
				GCC_PREPROCESSOR_DEFINITIONS = (
					"DEBUG=1",
					"$(inherited)",
				);
				GCC_WARN_64_TO_32_BIT_CONVERSION = YES;
				GCC_WARN_ABOUT_RETURN_TYPE = YES_ERROR;
				GCC_WARN_UNDECLARED_SELECTOR = YES;
				GCC_WARN_UNINITIALIZED_AUTOS = YES_AGGRESSIVE;
				GCC_WARN_UNUSED_FUNCTION = YES;
				GCC_WARN_UNUSED_VARIABLE = YES;
				IPHONEOS_DEPLOYMENT_TARGET = 18.2;
				LOCALIZATION_PREFERS_STRING_CATALOGS = YES;
				MTL_ENABLE_DEBUG_INFO = INCLUDE_SOURCE;
				MTL_FAST_MATH = YES;
				ONLY_ACTIVE_ARCH = YES;
				SDKROOT = iphoneos;
				SWIFT_ACTIVE_COMPILATION_CONDITIONS = "DEBUG $(inherited)";
				SWIFT_OPTIMIZATION_LEVEL = "-Onone";
			};
			name = Debug;
		};
		B2BC7C5E2D830303007382D3 /* Release */ = {
			isa = XCBuildConfiguration;
			buildSettings = {
				ALWAYS_SEARCH_USER_PATHS = NO;
				ASSETCATALOG_COMPILER_GENERATE_SWIFT_ASSET_SYMBOL_EXTENSIONS = YES;
				CLANG_ANALYZER_NONNULL = YES;
				CLANG_ANALYZER_NUMBER_OBJECT_CONVERSION = YES_AGGRESSIVE;
				CLANG_CXX_LANGUAGE_STANDARD = "gnu++20";
				CLANG_ENABLE_MODULES = YES;
				CLANG_ENABLE_OBJC_ARC = YES;
				CLANG_ENABLE_OBJC_WEAK = YES;
				CLANG_WARN_BLOCK_CAPTURE_AUTORELEASING = YES;
				CLANG_WARN_BOOL_CONVERSION = YES;
				CLANG_WARN_COMMA = YES;
				CLANG_WARN_CONSTANT_CONVERSION = YES;
				CLANG_WARN_DEPRECATED_OBJC_IMPLEMENTATIONS = YES;
				CLANG_WARN_DIRECT_OBJC_ISA_USAGE = YES_ERROR;
				CLANG_WARN_DOCUMENTATION_COMMENTS = YES;
				CLANG_WARN_EMPTY_BODY = YES;
				CLANG_WARN_ENUM_CONVERSION = YES;
				CLANG_WARN_INFINITE_RECURSION = YES;
				CLANG_WARN_INT_CONVERSION = YES;
				CLANG_WARN_NON_LITERAL_NULL_CONVERSION = YES;
				CLANG_WARN_OBJC_IMPLICIT_RETAIN_SELF = YES;
				CLANG_WARN_OBJC_LITERAL_CONVERSION = YES;
				CLANG_WARN_OBJC_ROOT_CLASS = YES_ERROR;
				CLANG_WARN_QUOTED_INCLUDE_IN_FRAMEWORK_HEADER = YES;
				CLANG_WARN_RANGE_LOOP_ANALYSIS = YES;
				CLANG_WARN_STRICT_PROTOTYPES = YES;
				CLANG_WARN_SUSPICIOUS_MOVE = YES;
				CLANG_WARN_UNGUARDED_AVAILABILITY = YES_AGGRESSIVE;
				CLANG_WARN_UNREACHABLE_CODE = YES;
				CLANG_WARN__DUPLICATE_METHOD_MATCH = YES;
				COPY_PHASE_STRIP = NO;
				DEBUG_INFORMATION_FORMAT = "dwarf-with-dsym";
				ENABLE_NS_ASSERTIONS = NO;
				ENABLE_STRICT_OBJC_MSGSEND = YES;
				ENABLE_USER_SCRIPT_SANDBOXING = YES;
				GCC_C_LANGUAGE_STANDARD = gnu17;
				GCC_NO_COMMON_BLOCKS = YES;
				GCC_WARN_64_TO_32_BIT_CONVERSION = YES;
				GCC_WARN_ABOUT_RETURN_TYPE = YES_ERROR;
				GCC_WARN_UNDECLARED_SELECTOR = YES;
				GCC_WARN_UNINITIALIZED_AUTOS = YES_AGGRESSIVE;
				GCC_WARN_UNUSED_FUNCTION = YES;
				GCC_WARN_UNUSED_VARIABLE = YES;
				IPHONEOS_DEPLOYMENT_TARGET = 18.2;
				LOCALIZATION_PREFERS_STRING_CATALOGS = YES;
				MTL_ENABLE_DEBUG_INFO = NO;
				MTL_FAST_MATH = YES;
				SDKROOT = iphoneos;
				SWIFT_COMPILATION_MODE = wholemodule;
				VALIDATE_PRODUCT = YES;
			};
			name = Release;
		};
		B2BC7C602D830303007382D3 /* Debug */ = {
			isa = XCBuildConfiguration;
			buildSettings = {
				BUNDLE_LOADER = "$(TEST_HOST)";
				CODE_SIGN_STYLE = Automatic;
				CURRENT_PROJECT_VERSION = 1;
				GENERATE_INFOPLIST_FILE = YES;
				IPHONEOS_DEPLOYMENT_TARGET = 18.2;
				MARKETING_VERSION = 1.0;
				PRODUCT_BUNDLE_IDENTIFIER = hau.NetflixTests;
				PRODUCT_NAME = "$(TARGET_NAME)";
				SWIFT_EMIT_LOC_STRINGS = NO;
				SWIFT_VERSION = 5.0;
				TARGETED_DEVICE_FAMILY = "1,2";
				TEST_HOST = "$(BUILT_PRODUCTS_DIR)/Netflix.app/$(BUNDLE_EXECUTABLE_FOLDER_PATH)/Netflix";
			};
			name = Debug;
		};
		B2BC7C612D830303007382D3 /* Release */ = {
			isa = XCBuildConfiguration;
			buildSettings = {
				BUNDLE_LOADER = "$(TEST_HOST)";
				CODE_SIGN_STYLE = Automatic;
				CURRENT_PROJECT_VERSION = 1;
				GENERATE_INFOPLIST_FILE = YES;
				IPHONEOS_DEPLOYMENT_TARGET = 18.2;
				MARKETING_VERSION = 1.0;
				PRODUCT_BUNDLE_IDENTIFIER = hau.NetflixTests;
				PRODUCT_NAME = "$(TARGET_NAME)";
				SWIFT_EMIT_LOC_STRINGS = NO;
				SWIFT_VERSION = 5.0;
				TARGETED_DEVICE_FAMILY = "1,2";
				TEST_HOST = "$(BUILT_PRODUCTS_DIR)/Netflix.app/$(BUNDLE_EXECUTABLE_FOLDER_PATH)/Netflix";
			};
			name = Release;
		};
		B2BC7C632D830303007382D3 /* Debug */ = {
			isa = XCBuildConfiguration;
			buildSettings = {
				CODE_SIGN_STYLE = Automatic;
				CURRENT_PROJECT_VERSION = 1;
				GENERATE_INFOPLIST_FILE = YES;
				MARKETING_VERSION = 1.0;
				PRODUCT_BUNDLE_IDENTIFIER = hau.NetflixUITests;
				PRODUCT_NAME = "$(TARGET_NAME)";
				SWIFT_EMIT_LOC_STRINGS = NO;
				SWIFT_VERSION = 5.0;
				TARGETED_DEVICE_FAMILY = "1,2";
				TEST_TARGET_NAME = Netflix;
			};
			name = Debug;
		};
		B2BC7C642D830303007382D3 /* Release */ = {
			isa = XCBuildConfiguration;
			buildSettings = {
				CODE_SIGN_STYLE = Automatic;
				CURRENT_PROJECT_VERSION = 1;
				GENERATE_INFOPLIST_FILE = YES;
				MARKETING_VERSION = 1.0;
				PRODUCT_BUNDLE_IDENTIFIER = hau.NetflixUITests;
				PRODUCT_NAME = "$(TARGET_NAME)";
				SWIFT_EMIT_LOC_STRINGS = NO;
				SWIFT_VERSION = 5.0;
				TARGETED_DEVICE_FAMILY = "1,2";
				TEST_TARGET_NAME = Netflix;
			};
			name = Release;
		};
/* End XCBuildConfiguration section */

/* Begin XCConfigurationList section */
		B2BC7C2C2D830302007382D3 /* Build configuration list for PBXProject "Netflix" */ = {
			isa = XCConfigurationList;
			buildConfigurations = (
				B2BC7C5D2D830303007382D3 /* Debug */,
				B2BC7C5E2D830303007382D3 /* Release */,
			);
			defaultConfigurationIsVisible = 0;
			defaultConfigurationName = Release;
		};
		B2BC7C5A2D830303007382D3 /* Build configuration list for PBXNativeTarget "Netflix" */ = {
			isa = XCConfigurationList;
			buildConfigurations = (
				B2BC7C5B2D830303007382D3 /* Debug */,
				B2BC7C5C2D830303007382D3 /* Release */,
			);
			defaultConfigurationIsVisible = 0;
			defaultConfigurationName = Release;
		};
		B2BC7C5F2D830303007382D3 /* Build configuration list for PBXNativeTarget "NetflixTests" */ = {
			isa = XCConfigurationList;
			buildConfigurations = (
				B2BC7C602D830303007382D3 /* Debug */,
				B2BC7C612D830303007382D3 /* Release */,
			);
			defaultConfigurationIsVisible = 0;
			defaultConfigurationName = Release;
		};
		B2BC7C622D830303007382D3 /* Build configuration list for PBXNativeTarget "NetflixUITests" */ = {
			isa = XCConfigurationList;
			buildConfigurations = (
				B2BC7C632D830303007382D3 /* Debug */,
				B2BC7C642D830303007382D3 /* Release */,
			);
			defaultConfigurationIsVisible = 0;
			defaultConfigurationName = Release;
		};
/* End XCConfigurationList section */

/* Begin XCRemoteSwiftPackageReference section */
		B2BC7CB82D852CE9007382D3 /* XCRemoteSwiftPackageReference "SDWebImage" */ = {
			isa = XCRemoteSwiftPackageReference;
			repositoryURL = "https://github.com/SDWebImage/SDWebImage.git";
			requirement = {
				kind = upToNextMajorVersion;
				minimumVersion = 5.21.0;
			};
		};
/* End XCRemoteSwiftPackageReference section */

/* Begin XCSwiftPackageProductDependency section */
		B2BC7CB92D852CE9007382D3 /* SDWebImage */ = {
			isa = XCSwiftPackageProductDependency;
			package = B2BC7CB82D852CE9007382D3 /* XCRemoteSwiftPackageReference "SDWebImage" */;
			productName = SDWebImage;
		};
		B2BC7CBB2D852CE9007382D3 /* SDWebImageMapKit */ = {
			isa = XCSwiftPackageProductDependency;
			package = B2BC7CB82D852CE9007382D3 /* XCRemoteSwiftPackageReference "SDWebImage" */;
			productName = SDWebImageMapKit;
		};
/* End XCSwiftPackageProductDependency section */

/* Begin XCVersionGroup section */
		B27F93822D86C02C004F7673 /* NetflixCloneModel.xcdatamodeld */ = {
			isa = XCVersionGroup;
			children = (
				B27F93832D86C02C004F7673 /* NetflixCloneModel.xcdatamodel */,
			);
			currentVersion = B27F93832D86C02C004F7673 /* NetflixCloneModel.xcdatamodel */;
			path = NetflixCloneModel.xcdatamodeld;
			sourceTree = "<group>";
			versionGroupType = wrapper.xcdatamodel;
		};
/* End XCVersionGroup section */
	};
	rootObject = B2BC7C292D830302007382D3 /* Project object */;
}
